
Microsoft Visual Studio Solution File, Format Version 12.00
# Visual Studio 15
VisualStudioVersion = 15.0.28307.1525
MinimumVisualStudioVersion = 10.0.40219.1
Project("{FAE04EC0-301F-11D3-BF4B-00C04F79EFBC}") = "ConsoleApp16_1", "ConsoleApp16_1\ConsoleApp16_1.csproj", "{B858A026-2FA0-4CBE-9540-0D812A9E35EF}"
EndProject
Global
	GlobalSection(SolutionConfigurationPlatforms) = preSolution
		Debug|Any CPU = Debug|Any CPU
		Release|Any CPU = Release|Any CPU
	EndGlobalSection
	GlobalSection(ProjectConfigurationPlatforms) = postSolution
		{B858A026-2FA0-4CBE-9540-0D812A9E35EF}.Debug|Any CPU.ActiveCfg = Debug|Any CPU
		{B858A026-2FA0-4CBE-9540-0D812A9E35EF}.Debug|Any CPU.Build.0 = Debug|Any CPU
		{B858A026-2FA0-4CBE-9540-0D812A9E35EF}.Release|Any CPU.ActiveCfg = Release|Any CPU
		{B858A026-2FA0-4CBE-9540-0D812A9E35EF}.Release|Any CPU.Build.0 = Release|Any CPU
	EndGlobalSection
	GlobalSection(SolutionProperties) = preSolution
		HideSolutionNode = FALSE
	EndGlobalSection
	GlobalSection(ExtensibilityGlobals) = postSolution
		SolutionGuid = {FD7D5FB9-AA65-470D-9CC6-B751E345A227}
	EndGlobalSection
EndGlobal
